
Microsoft Visual Studio Solution File, Format Version 12.00
# Visual Studio 2012
Project("{FAE04EC0-301F-11D3-BF4B-00C04F79EFBC}") = "MvpApp1", "MvpTest\MvpTest1\MvpApp1.csproj", "{E6971DC2-DE0E-4D4E-9997-903EB07A1001}"
EndProject
Project("{FAE04EC0-301F-11D3-BF4B-00C04F79EFBC}") = "MvpAppConsole", "MvpAppConsole\MvpAppConsole.csproj", "{33C6A6C5-B7E3-4B3E-B401-60033D9ABC50}"
EndProject
Global
	GlobalSection(SolutionConfigurationPlatforms) = preSolution
		Debug|Any CPU = Debug|Any CPU
		Release|Any CPU = Release|Any CPU
	EndGlobalSection
	GlobalSection(ProjectConfigurationPlatforms) = postSolution
		{E6971DC2-DE0E-4D4E-9997-903EB07A1001}.Debug|Any CPU.ActiveCfg = Debug|Any CPU
		{E6971DC2-DE0E-4D4E-9997-903EB07A1001}.Debug|Any CPU.Build.0 = Debug|Any CPU
		{E6971DC2-DE0E-4D4E-9997-903EB07A1001}.Release|Any CPU.ActiveCfg = Release|Any CPU
		{E6971DC2-DE0E-4D4E-9997-903EB07A1001}.Release|Any CPU.Build.0 = Release|Any CPU
		{33C6A6C5-B7E3-4B3E-B401-60033D9ABC50}.Debug|Any CPU.ActiveCfg = Debug|Any CPU
		{33C6A6C5-B7E3-4B3E-B401-60033D9ABC50}.Debug|Any CPU.Build.0 = Debug|Any CPU
		{33C6A6C5-B7E3-4B3E-B401-60033D9ABC50}.Release|Any CPU.ActiveCfg = Release|Any CPU
		{33C6A6C5-B7E3-4B3E-B401-60033D9ABC50}.Release|Any CPU.Build.0 = Release|Any CPU
	EndGlobalSection
	GlobalSection(SolutionProperties) = preSolution
		HideSolutionNode = FALSE
	EndGlobalSection
EndGlobal
